
Microsoft Visual Studio Solution File, Format Version 12.00
# Visual Studio Version 17
VisualStudioVersion = 17.0.31903.59
MinimumVisualStudioVersion = 10.0.40219.1
Project("{2150E333-8FDC-42A3-9474-1A3956D46DE8}") = "Dryva", "Dryva", "{F4A4CE5F-80E1-4668-87E5-429F2E246B24}"
EndProject
Project("{2150E333-8FDC-42A3-9474-1A3956D46DE8}") = "Dryva", "Dryva", "{B2D015C5-9D0C-476C-8EB6-673607111D95}"
EndProject
Project("{2150E333-8FDC-42A3-9474-1A3956D46DE8}") = "Services", "Services", "{CD5FBEB3-C1F4-43EC-AEA3-6C4FF04BA57F}"
EndProject
Project("{2150E333-8FDC-42A3-9474-1A3956D46DE8}") = "Devices", "Devices", "{EC5CD284-2EB2-4804-97D2-90659B9AEDFA}"
EndProject
Project("{FAE04EC0-301F-11D3-BF4B-00C04F79EFBC}") = "Dryva.Devices", "Dryva\Dryva\Services\Devices\Dryva.Devices\Dryva.Devices.csproj", "{DB79D53D-68AD-48B1-A7E4-5216B3208E3A}"
EndProject
Project("{FAE04EC0-301F-11D3-BF4B-00C04F79EFBC}") = "Dryva.Security", "Dryva\Dryva\Services\Dryva.Security\Dryva.Security.csproj", "{535AD613-CBD8-456E-8C96-E51C618D1833}"
EndProject
Project("{2150E333-8FDC-42A3-9474-1A3956D46DE8}") = "Enrollment", "Enrollment", "{B437BA19-7E18-46AD-9209-C550B220721F}"
EndProject
Project("{FAE04EC0-301F-11D3-BF4B-00C04F79EFBC}") = "Dryva.Enrollment", "Dryva\Dryva\Services\Enrollment\Dryva.Enrollment\Dryva.Enrollment.csproj", "{CC4BD909-4677-4F5D-97DD-8FBFD059DE48}"
EndProject
Project("{2150E333-8FDC-42A3-9474-1A3956D46DE8}") = "Maps", "Maps", "{3F22F7C1-452C-4748-89AF-D8FACD487E6C}"
EndProject
Project("{FAE04EC0-301F-11D3-BF4B-00C04F79EFBC}") = "Dryva.Maps", "Dryva\Dryva\Services\Maps\Dryva.Maps\Dryva.Maps.csproj", "{751247A8-AD22-4CA7-B5F0-FA391A2FC823}"
EndProject
Project("{2150E333-8FDC-42A3-9474-1A3956D46DE8}") = "Reports", "Reports", "{6497626D-6F34-4DE5-887A-4041F47CFDBE}"
EndProject
Project("{FAE04EC0-301F-11D3-BF4B-00C04F79EFBC}") = "Dryva.Reports", "Dryva\Dryva\Services\Reports\Dryva.Reports\Dryva.Reports.csproj", "{B41B574B-9967-458D-8B5D-D3A32FFBCA06}"
EndProject
Project("{2150E333-8FDC-42A3-9474-1A3956D46DE8}") = "Subscriptions", "Subscriptions", "{8EF4DC3B-593D-4BB7-B357-2819FABE250E}"
EndProject
Project("{FAE04EC0-301F-11D3-BF4B-00C04F79EFBC}") = "CustomerSubscription.API", "Dryva\Dryva\Services\Subscriptions\CustomerSubscription.API\CustomerSubscription.API.csproj", "{285EF378-0A2A-41D0-BC1E-EEC4A792308C}"
EndProject
Project("{FAE04EC0-301F-11D3-BF4B-00C04F79EFBC}") = "Dryva.VendorSubscription.API", "Dryva\Dryva\Services\Subscriptions\Dryva.VendorSubscription.API\Dryva.VendorSubscription.API.csproj", "{91E876C5-456D-4147-BEAF-11089ACA811A}"
EndProject
Global
	GlobalSection(SolutionConfigurationPlatforms) = preSolution
		Debug|Any CPU = Debug|Any CPU
		Release|Any CPU = Release|Any CPU
	EndGlobalSection
	GlobalSection(SolutionProperties) = preSolution
		HideSolutionNode = FALSE
	EndGlobalSection
	GlobalSection(ProjectConfigurationPlatforms) = postSolution
		{DB79D53D-68AD-48B1-A7E4-5216B3208E3A}.Debug|Any CPU.ActiveCfg = Debug|Any CPU
		{DB79D53D-68AD-48B1-A7E4-5216B3208E3A}.Debug|Any CPU.Build.0 = Debug|Any CPU
		{DB79D53D-68AD-48B1-A7E4-5216B3208E3A}.Release|Any CPU.ActiveCfg = Release|Any CPU
		{DB79D53D-68AD-48B1-A7E4-5216B3208E3A}.Release|Any CPU.Build.0 = Release|Any CPU
		{535AD613-CBD8-456E-8C96-E51C618D1833}.Debug|Any CPU.ActiveCfg = Debug|Any CPU
		{535AD613-CBD8-456E-8C96-E51C618D1833}.Debug|Any CPU.Build.0 = Debug|Any CPU
		{535AD613-CBD8-456E-8C96-E51C618D1833}.Release|Any CPU.ActiveCfg = Release|Any CPU
		{535AD613-CBD8-456E-8C96-E51C618D1833}.Release|Any CPU.Build.0 = Release|Any CPU
		{CC4BD909-4677-4F5D-97DD-8FBFD059DE48}.Debug|Any CPU.ActiveCfg = Debug|Any CPU
		{CC4BD909-4677-4F5D-97DD-8FBFD059DE48}.Debug|Any CPU.Build.0 = Debug|Any CPU
		{CC4BD909-4677-4F5D-97DD-8FBFD059DE48}.Release|Any CPU.ActiveCfg = Release|Any CPU
		{CC4BD909-4677-4F5D-97DD-8FBFD059DE48}.Release|Any CPU.Build.0 = Release|Any CPU
		{751247A8-AD22-4CA7-B5F0-FA391A2FC823}.Debug|Any CPU.ActiveCfg = Debug|Any CPU
		{751247A8-AD22-4CA7-B5F0-FA391A2FC823}.Debug|Any CPU.Build.0 = Debug|Any CPU
		{751247A8-AD22-4CA7-B5F0-FA391A2FC823}.Release|Any CPU.ActiveCfg = Release|Any CPU
		{751247A8-AD22-4CA7-B5F0-FA391A2FC823}.Release|Any CPU.Build.0 = Release|Any CPU
		{B41B574B-9967-458D-8B5D-D3A32FFBCA06}.Debug|Any CPU.ActiveCfg = Debug|Any CPU
		{B41B574B-9967-458D-8B5D-D3A32FFBCA06}.Debug|Any CPU.Build.0 = Debug|Any CPU
		{B41B574B-9967-458D-8B5D-D3A32FFBCA06}.Release|Any CPU.ActiveCfg = Release|Any CPU
		{B41B574B-9967-458D-8B5D-D3A32FFBCA06}.Release|Any CPU.Build.0 = Release|Any CPU
		{285EF378-0A2A-41D0-BC1E-EEC4A792308C}.Debug|Any CPU.ActiveCfg = Debug|Any CPU
		{285EF378-0A2A-41D0-BC1E-EEC4A792308C}.Debug|Any CPU.Build.0 = Debug|Any CPU
		{285EF378-0A2A-41D0-BC1E-EEC4A792308C}.Release|Any CPU.ActiveCfg = Release|Any CPU
		{285EF378-0A2A-41D0-BC1E-EEC4A792308C}.Release|Any CPU.Build.0 = Release|Any CPU
		{91E876C5-456D-4147-BEAF-11089ACA811A}.Debug|Any CPU.ActiveCfg = Debug|Any CPU
		{91E876C5-456D-4147-BEAF-11089ACA811A}.Debug|Any CPU.Build.0 = Debug|Any CPU
		{91E876C5-456D-4147-BEAF-11089ACA811A}.Release|Any CPU.ActiveCfg = Release|Any CPU
		{91E876C5-456D-4147-BEAF-11089ACA811A}.Release|Any CPU.Build.0 = Release|Any CPU
	EndGlobalSection
	GlobalSection(NestedProjects) = preSolution
		{B2D015C5-9D0C-476C-8EB6-673607111D95} = {F4A4CE5F-80E1-4668-87E5-429F2E246B24}
		{CD5FBEB3-C1F4-43EC-AEA3-6C4FF04BA57F} = {B2D015C5-9D0C-476C-8EB6-673607111D95}
		{EC5CD284-2EB2-4804-97D2-90659B9AEDFA} = {CD5FBEB3-C1F4-43EC-AEA3-6C4FF04BA57F}
		{DB79D53D-68AD-48B1-A7E4-5216B3208E3A} = {EC5CD284-2EB2-4804-97D2-90659B9AEDFA}
		{535AD613-CBD8-456E-8C96-E51C618D1833} = {CD5FBEB3-C1F4-43EC-AEA3-6C4FF04BA57F}
		{B437BA19-7E18-46AD-9209-C550B220721F} = {CD5FBEB3-C1F4-43EC-AEA3-6C4FF04BA57F}
		{CC4BD909-4677-4F5D-97DD-8FBFD059DE48} = {B437BA19-7E18-46AD-9209-C550B220721F}
		{3F22F7C1-452C-4748-89AF-D8FACD487E6C} = {CD5FBEB3-C1F4-43EC-AEA3-6C4FF04BA57F}
		{751247A8-AD22-4CA7-B5F0-FA391A2FC823} = {3F22F7C1-452C-4748-89AF-D8FACD487E6C}
		{6497626D-6F34-4DE5-887A-4041F47CFDBE} = {CD5FBEB3-C1F4-43EC-AEA3-6C4FF04BA57F}
		{B41B574B-9967-458D-8B5D-D3A32FFBCA06} = {6497626D-6F34-4DE5-887A-4041F47CFDBE}
		{8EF4DC3B-593D-4BB7-B357-2819FABE250E} = {CD5FBEB3-C1F4-43EC-AEA3-6C4FF04BA57F}
		{285EF378-0A2A-41D0-BC1E-EEC4A792308C} = {8EF4DC3B-593D-4BB7-B357-2819FABE250E}
		{91E876C5-456D-4147-BEAF-11089ACA811A} = {8EF4DC3B-593D-4BB7-B357-2819FABE250E}
	EndGlobalSection
EndGlobal
